
Microsoft Visual Studio Solution File, Format Version 12.00
# Visual Studio 15
VisualStudioVersion = 15.0.28010.2046
MinimumVisualStudioVersion = 10.0.40219.1
Project("{FAE04EC0-301F-11D3-BF4B-00C04F79EFBC}") = "ConAppDotNettyRPCTest.Server", "ConAppDotNettyRPCTest.Server\ConAppDotNettyRPCTest.Server.csproj", "{C450B12F-3190-45F0-AA1F-227EC4507356}"
EndProject
Project("{FAE04EC0-301F-11D3-BF4B-00C04F79EFBC}") = "ConAppDotNettyRPCTest.Client", "ConAppDotNettyRPCTest.Client\ConAppDotNettyRPCTest.Client.csproj", "{F2D327E4-1FD0-4E03-A844-9A98697CD7F5}"
EndProject
Global
	GlobalSection(SolutionConfigurationPlatforms) = preSolution
		Debug|Any CPU = Debug|Any CPU
		Release|Any CPU = Release|Any CPU
	EndGlobalSection
	GlobalSection(ProjectConfigurationPlatforms) = postSolution
		{C450B12F-3190-45F0-AA1F-227EC4507356}.Debug|Any CPU.ActiveCfg = Debug|Any CPU
		{C450B12F-3190-45F0-AA1F-227EC4507356}.Debug|Any CPU.Build.0 = Debug|Any CPU
		{C450B12F-3190-45F0-AA1F-227EC4507356}.Release|Any CPU.ActiveCfg = Release|Any CPU
		{C450B12F-3190-45F0-AA1F-227EC4507356}.Release|Any CPU.Build.0 = Release|Any CPU
		{F2D327E4-1FD0-4E03-A844-9A98697CD7F5}.Debug|Any CPU.ActiveCfg = Debug|Any CPU
		{F2D327E4-1FD0-4E03-A844-9A98697CD7F5}.Debug|Any CPU.Build.0 = Debug|Any CPU
		{F2D327E4-1FD0-4E03-A844-9A98697CD7F5}.Release|Any CPU.ActiveCfg = Release|Any CPU
		{F2D327E4-1FD0-4E03-A844-9A98697CD7F5}.Release|Any CPU.Build.0 = Release|Any CPU
	EndGlobalSection
	GlobalSection(SolutionProperties) = preSolution
		HideSolutionNode = FALSE
	EndGlobalSection
	GlobalSection(ExtensibilityGlobals) = postSolution
		SolutionGuid = {1007D5CB-6727-474F-8F07-34B8EF2C422A}
	EndGlobalSection
EndGlobal
